{
    "_meta": {
        "hash": {
            "sha256": "2708d45aef7806279e6aff6815058b560480fcc1edf9fc953b476f3cc8a173c6"
        },
        "pipfile-spec": 6,
        "requires": {
            "python_version": "3.8"
        },
        "sources": [
            {
                "name": "pypi",
                "url": "https://pypi.org/simple",
                "verify_ssl": true
            }
        ]
    },
    "default": {},
    "develop": {
        "appdirs": {
            "hashes": [
                "sha256:7d5d0167b2b1ba821647616af46a749d1c653740dd0d2415100fe26e27afdf41",
                "sha256:a841dacd6b99318a741b166adb07e19ee71a274450e68237b4650ca1055ab128"
            ],
            "version": "==1.4.4"
        },
        "assertpy": {
            "hashes": [
                "sha256:acc64329934ad71a3221de185517a43af33e373bb44dc05b5a9b174394ef4833"
            ],
            "index": "pypi",
            "version": "==1.1"
        },
        "attrs": {
            "hashes": [
                "sha256:08a96c641c3a74e44eb59afb61a24f2cb9f4d7188748e76ba4bb5edfa3cb7d1c",
                "sha256:f7b7ce16570fe9965acd6d30101a28f62fb4a7f9e926b3bbc9b61f8b04247e72"
            ],
            "markers": "python_version >= '2.7' and python_version not in '3.0, 3.1, 3.2, 3.3'",
            "version": "==19.3.0"
        },
        "aws-cdk.assets": {
            "hashes": [
                "sha256:52325bd9cd89086b9d5a450c5e4a8af7a143fcb016dd2bea63a0a19a252fb8d8",
                "sha256:718f3c4d574ef00a909d3d02b9a40b03d638fc8a13865aa4bad6f8ab11bd2369"
            ],
            "markers": "python_version >= '3.6'",
            "version": "==1.58.0"
        },
        "aws-cdk.aws-apigateway": {
            "hashes": [
                "sha256:1957948bd863ad7d6452cc5bc01a570a6e0de695885c2e485f2b2687c452beaa",
                "sha256:c1790598116d68784c8c43837b5915930d19221da011c24e5c38ded246784ff7"
            ],
            "markers": "python_version >= '3.6'",
            "version": "==1.58.0"
        },
        "aws-cdk.aws-applicationautoscaling": {
            "hashes": [
                "sha256:17fd6e993f0af7a24965a7129e9be178733a91edff797cfc43f0e29a8fe86a73",
                "sha256:4878c329ccf84fc16c7d50e4109aa2fd7f312629c098ab760a4f54e96b0ac300"
            ],
            "markers": "python_version >= '3.6'",
            "version": "==1.58.0"
        },
        "aws-cdk.aws-autoscaling": {
            "hashes": [
                "sha256:7af5a6eb2a5cdf29eaaf5fcf7a0da1854133486df1a3fd47966c98e9324466e6",
                "sha256:c0b0892d130b2b019c639bf814958c9a1c99c66c39d815fecb6115da9d15d44c"
            ],
            "markers": "python_version >= '3.6'",
            "version": "==1.58.0"
        },
        "aws-cdk.aws-autoscaling-common": {
            "hashes": [
                "sha256:49654bdd5c85082a83cb1b7f9fb53e41eef63df87e06566c97c707803f0dd9fd",
                "sha256:803862ce2779154a90a24775e8825ee643fcd478441ea0f4fc463f145c7e2373"
            ],
            "markers": "python_version >= '3.6'",
            "version": "==1.58.0"
        },
        "aws-cdk.aws-autoscaling-hooktargets": {
            "hashes": [
                "sha256:a19dac00823cc6c2c5ca39b3efffdad6a331227dce2b285103266b9ccc61b73c",
                "sha256:ec90fc2fdda709266148a6c78f11d566fda1b6ad9b8056924f830ae6974ea871"
            ],
            "markers": "python_version >= '3.6'",
            "version": "==1.58.0"
        },
        "aws-cdk.aws-batch": {
            "hashes": [
                "sha256:6ebe80febe1c00ffe2dc604bab95c369d5c3f17dc25ed170d8f9a8011f8adcb0",
                "sha256:cbee55711ab98ffa66b6fb8a02c243d8110c923a54d8e6070d3142d7aa556ece"
            ],
            "markers": "python_version >= '3.6'",
            "version": "==1.58.0"
        },
        "aws-cdk.aws-certificatemanager": {
            "hashes": [
                "sha256:7a940338a2b83b9e11e5f8f429e07cb76d966d01f2de4bb08f21044b3ee73760",
                "sha256:c6c86eec7b1afadbf070c769deda75eda1d8ff0ac4b67533c7acc8e3ab2f9559"
            ],
            "markers": "python_version >= '3.6'",
            "version": "==1.58.0"
        },
        "aws-cdk.aws-cloudformation": {
            "hashes": [
                "sha256:c4b1a797d43d079c2d71b43439bd9e6c040dc5c7fa8806c38d33718299e80161",
                "sha256:e68822e6446f13aadbe1e3e8ff36c29a91dd40208bedbd95ab10588547ee305e"
            ],
            "markers": "python_version >= '3.6'",
            "version": "==1.58.0"
        },
        "aws-cdk.aws-cloudfront": {
            "hashes": [
                "sha256:ec75e7e8535ecf1661f942244a909c18e88305ec528fcfbe636dfbd22b7932d7",
                "sha256:fe0f3560a6a5bf51b370a076e11cddcd506916b21f27b8300e8317be35fedb4c"
            ],
            "markers": "python_version >= '3.6'",
            "version": "==1.58.0"
        },
        "aws-cdk.aws-cloudwatch": {
            "hashes": [
                "sha256:d23e51ebda471f743a720e703e2b4b394c5027e36a5f5fd436f2fc1b50479f1a",
                "sha256:e995e7b66eeb3131da117b761f6da157603a0fbe0b43f87a8834a6f0209d5e50"
            ],
            "markers": "python_version >= '3.6'",
            "version": "==1.58.0"
        },
        "aws-cdk.aws-codeguruprofiler": {
            "hashes": [
                "sha256:d4d2d399cfe17154737ca78d4aece6e10c2c1511320e923e2656ac6baeadea7b",
                "sha256:ff7f3f2349829997a82e24885e8c8e4b6df90469148ef24b8eae434203e81c92"
            ],
            "markers": "python_version >= '3.6'",
            "version": "==1.58.0"
        },
        "aws-cdk.aws-cognito": {
            "hashes": [
                "sha256:2b61e2fd2224b51b5b2025132474853deed4e6a34a5743fe16e230bd3eb4e83a",
                "sha256:3812bc4cb0ea9eff91d05e12c6042d32235caed0afee028783541205a86ff2c3"
            ],
            "markers": "python_version >= '3.6'",
            "version": "==1.58.0"
        },
        "aws-cdk.aws-dynamodb": {
            "hashes": [
                "sha256:15ddf29a39609282ac674d4b225b048eacec0d732aaa2b0808c33e1de6e15270",
                "sha256:4ed7aaa5d56e4323f9ee26dba13a3dd06199599c91ab85d6aea1e79f9bfef18f"
            ],
            "markers": "python_version >= '3.6'",
            "version": "==1.58.0"
        },
        "aws-cdk.aws-ec2": {
            "hashes": [
                "sha256:6df55662fb27d588089db65209db9af408b3bf65507edb27d6aae23651bb5a44",
                "sha256:b263a424f165fc9f0ae2c6af466192982f22f44fd738d9efc8f158647b6fc471"
            ],
            "markers": "python_version >= '3.6'",
            "version": "==1.58.0"
        },
        "aws-cdk.aws-ecr": {
            "hashes": [
                "sha256:1952ebc2e37fcb29c033417744cd1aa60fc0cceafa7be7ecc35d71644730c804",
                "sha256:c70e1c954eab0238fd909d6a207fa37963e9a4b8cbac9cf5306e25eeb9b438f4"
            ],
            "markers": "python_version >= '3.6'",
            "version": "==1.58.0"
        },
        "aws-cdk.aws-ecr-assets": {
            "hashes": [
                "sha256:40f2a93be3882f2ddcf5685b9a75eabee2b537a2f21e3f5a6ffff992fc00fc0b",
                "sha256:5e6faced2689558af56f6acfce1d1facc8a08ed452a25a61bc0faab59aab9fe5"
            ],
            "markers": "python_version >= '3.6'",
            "version": "==1.58.0"
        },
        "aws-cdk.aws-ecs": {
            "hashes": [
                "sha256:0c16228624a3d4901035d57c7f69006c3a0dee8e76ad0bd159a8197c053464e6",
                "sha256:974a02c25dc65908d5da038facf566707ff28cd2fc3d6e605ef92e816e734bdb"
            ],
            "markers": "python_version >= '3.6'",
            "version": "==1.58.0"
        },
        "aws-cdk.aws-efs": {
            "hashes": [
                "sha256:e3fb4c5a38d1bfe24e7691e4e9eb5c6d453a22ab30c54fd76ab0e463af10a528",
                "sha256:fed54afd7d212e837b87b9f3c3444eac94baa9328c3a411d79d12a7299bc003e"
            ],
            "markers": "python_version >= '3.6'",
            "version": "==1.58.0"
        },
        "aws-cdk.aws-elasticloadbalancing": {
            "hashes": [
                "sha256:397e6ca0831861e709fda91a01207bdf33ea0fe3c8cf3d304dfbdb6c7bdc4ab0",
                "sha256:ec39b3822081eacb5e851b319e90ec73d231cb8845d6758b9f2914430b8d0ad2"
            ],
            "markers": "python_version >= '3.6'",
            "version": "==1.58.0"
        },
        "aws-cdk.aws-elasticloadbalancingv2": {
            "hashes": [
                "sha256:5be2a6832938731ccabf23f0e63d0b38ba5ef45e3f987d0c4b3a3ba9fb67cb8a",
                "sha256:fd8507b3e0545e3b3d6d4c8d0f060cf8a89d4359cc4c370756fb8ddd7dc2fc71"
            ],
            "markers": "python_version >= '3.6'",
            "version": "==1.58.0"
        },
        "aws-cdk.aws-events": {
            "hashes": [
                "sha256:b675770e519ad8406c8370abd5870c60156ea544aac6b81adc3d7c64ad7e8483",
                "sha256:e09707f585a6acc83ac331bdd25923072bd52a4cef9087a444127ec41c821807"
            ],
            "markers": "python_version >= '3.6'",
            "version": "==1.58.0"
        },
        "aws-cdk.aws-glue": {
            "hashes": [
                "sha256:0e85cda36a94916a965fc12be43d7673323751e607bf8f356b0fc5d86da0696d",
                "sha256:a46d5e7bb5e59cbd6b10ced6347f3ae8f7082ce468a92219f70b90a1346d5dbf"
            ],
            "markers": "python_version >= '3.6'",
            "version": "==1.58.0"
        },
        "aws-cdk.aws-iam": {
            "hashes": [
                "sha256:39164b574626d3c1221fc2246bc42d0cbfb25efdd35b29af7eed22c327eb9f24",
                "sha256:47169e7fbc972e722200bfb66ce59d9b842f56ceb6ef80a005e55f9adace5937"
            ],
            "markers": "python_version >= '3.6'",
            "version": "==1.58.0"
        },
        "aws-cdk.aws-kms": {
            "hashes": [
                "sha256:a50fde451ea226b72513751fc36c97b1a3c658d7ae0ebcc68fca58994706ada7",
                "sha256:c85924d48dac251fd7e48c8f4fa3dac337bb2aabd48e53c0734a5e4e11764709"
            ],
            "markers": "python_version >= '3.6'",
            "version": "==1.58.0"
        },
        "aws-cdk.aws-lambda": {
            "hashes": [
                "sha256:4bb5fe4fa29d4d7fea760ab5ef6efe0b69c289be9f0b0afb2f9c0cba64d98802",
                "sha256:604921a6e8e4646efa7e05462878e694ca14186b345ee989e66aa7405ae88dd2"
            ],
            "index": "pypi",
            "version": "==1.58.0"
        },
        "aws-cdk.aws-logs": {
            "hashes": [
                "sha256:7aac541c0ce204968ff1e112a3bf239af76c0ff9bcc91990e5fddcda4913a77a",
                "sha256:862a680f09f791d337dc4123b98ad7313dcbb337b0d033463fbc158af94fa320"
            ],
            "markers": "python_version >= '3.6'",
            "version": "==1.58.0"
        },
        "aws-cdk.aws-route53": {
            "hashes": [
                "sha256:1c7e0cb48fd65dd10d00fee8b6825adf3949c7fd832266800020f77de32f16b5",
                "sha256:35e8bf94a7aa06a68d40fb030990874e1802b2d5da000b67d52da67d73f3d41f"
            ],
            "markers": "python_version >= '3.6'",
            "version": "==1.58.0"
        },
        "aws-cdk.aws-route53-targets": {
            "hashes": [
                "sha256:42831fd0b0d9afa9120af5d78a5cc3116b0eb6aad9c325373ddeb506388365db",
                "sha256:be2a3e3a84d20b564e7231a5c430a44800c25a3a9c09bbf3ea40096be1365aca"
            ],
            "markers": "python_version >= '3.6'",
            "version": "==1.58.0"
        },
        "aws-cdk.aws-s3": {
            "hashes": [
                "sha256:601698aee7eca9f9a9293bdaddb06aedf41d15c6cc9744de6005e4815824c2fc",
                "sha256:c1c668ce10127bdc85b1d90f8e6eb3e5fd8f6b52cbde82e945f067981e25bc95"
            ],
            "markers": "python_version >= '3.6'",
            "version": "==1.58.0"
        },
        "aws-cdk.aws-s3-assets": {
            "hashes": [
                "sha256:5335576f7530dea2104829507b41b91859038005da745416b83613d81cb228ff",
                "sha256:dc2d67e8aff1c5780a540f5a480c6d4732ebe58744fd8f3b25f38c0b0d2d5a18"
            ],
            "markers": "python_version >= '3.6'",
            "version": "==1.58.0"
        },
        "aws-cdk.aws-sam": {
            "hashes": [
                "sha256:71cf9a90778575487cdbaab0f3652eb76bc23e5098de856805306b271b1e5d61",
                "sha256:fd76865bf59c0094476cb2dd1b90cedb478ff18c13984b74dcf8e8accd7ee173"
            ],
            "markers": "python_version >= '3.6'",
            "version": "==1.58.0"
        },
        "aws-cdk.aws-secretsmanager": {
            "hashes": [
                "sha256:bb12d0ff2329a7b09693865684d50f448341722498e319ec46272b6dbdb32cdb",
                "sha256:d1eb1697b15a845360f64b7264e1390d05b1f978b187ed59374a7d9ed776be3d"
            ],
            "markers": "python_version >= '3.6'",
            "version": "==1.58.0"
        },
        "aws-cdk.aws-servicediscovery": {
            "hashes": [
                "sha256:7eb5f95c1a86f749eed07af46ba9dd6d18a6d859f56ee9f5aacbb826698963e1",
                "sha256:8a6f707ae45cafb666a44f891acfacc1bba0147e315449b65dd40d35c8c2c47c"
            ],
            "markers": "python_version >= '3.6'",
            "version": "==1.58.0"
        },
        "aws-cdk.aws-sns": {
            "hashes": [
                "sha256:75ae70fe8368e8b93942948bfff41d4e23050c0d990715550b4301c6e24f831c",
                "sha256:e8fddc66b789af5aadab98d6cf3630b7aa42d484ab7daa4ac6447e388f16d1d8"
            ],
            "markers": "python_version >= '3.6'",
            "version": "==1.58.0"
        },
        "aws-cdk.aws-sns-subscriptions": {
            "hashes": [
                "sha256:13e4e20b346570c1e4fd32cd31bbd9ab7a8b211fd628ca3a6c51d7ac3cb208c8",
                "sha256:d15f9d258906c062279cc7a6d3ed05bb6d33567c25b9ed05f0ce2a74cf6f305a"
            ],
            "markers": "python_version >= '3.6'",
            "version": "==1.58.0"
        },
        "aws-cdk.aws-sqs": {
            "hashes": [
                "sha256:02f426128a5c47f00a864b0befe246f355f81e0947ce736a23b762312b76be02",
                "sha256:36728fc4eb513de3c88ac597494ad5b023ed02dd8ee1787b8760624c33496584"
            ],
            "markers": "python_version >= '3.6'",
            "version": "==1.58.0"
        },
        "aws-cdk.aws-ssm": {
            "hashes": [
                "sha256:9657007e82b8f15cf9c0ad6b093e7fb5dc4bec36b7238b546e2f186d27a6601e",
                "sha256:c7b707c6fc9c71ac59650261dc30bc27bb9ea4c16e2dfad1ee418bdf2959ea76"
            ],
            "index": "pypi",
            "version": "==1.58.0"
        },
        "aws-cdk.aws-stepfunctions": {
            "hashes": [
                "sha256:98e3f04da0585fa8cd53a25d1c0de3e5b98a57e5ce92c20e6eac2bf779aa4f84",
                "sha256:c49776301b228263b0051470c9451468b09b8fde607407cad490240911d551b7"
            ],
            "index": "pypi",
            "version": "==1.58.0"
        },
        "aws-cdk.aws-stepfunctions-tasks": {
            "hashes": [
                "sha256:96057f93df8571160d08c4a3f4025ca4b10b0af3d92c1a60641b93e96bffb876",
                "sha256:e9d381a639f537bf78c4be36d17ab9d932d9d7fe2d27d6e00f49995e31691b53"
            ],
            "index": "pypi",
            "version": "==1.58.0"
        },
        "aws-cdk.cloud-assembly-schema": {
            "hashes": [
                "sha256:2fd2579b66aa1ec0243d52c1c248e14d76d8a12e510582f5fb1c71dcf3dd2ee4",
                "sha256:508e70ba1881c32c43110116c56fb8f1017a291c8c82db758e61b162465fc738"
            ],
            "markers": "python_version >= '3.6'",
            "version": "==1.58.0"
        },
        "aws-cdk.core": {
            "hashes": [
                "sha256:0b5ea62b1dda1d6fcaf3d161f074c15e5db3b5a78f2e2926380c7c0d4ef7f1eb",
                "sha256:e9a1d2782b35d44eb90b397bde567526a3a51d388cace39f329bddae927c0f50"
            ],
            "index": "pypi",
            "version": "==1.58.0"
        },
        "aws-cdk.custom-resources": {
            "hashes": [
                "sha256:215dcc8b515a88ecc5e292b26602bb7b8cddd7693698737b41c2bac65bc11938",
                "sha256:e27b36232c40858705218533209355221e2b9b793bfc52ab7c849ce1f6340b09"
            ],
            "markers": "python_version >= '3.6'",
            "version": "==1.58.0"
        },
        "aws-cdk.cx-api": {
            "hashes": [
                "sha256:07a7e3c7e010fd1a8422b4ab9f4bc869a5278b2987f128f4dc25340de1cc237d",
                "sha256:fc4a7a80c91ecd3c14a847932e4fbe66fcedc037d5e584767b04ed707be2ed18"
            ],
            "markers": "python_version >= '3.6'",
            "version": "==1.58.0"
        },
        "aws-cdk.region-info": {
            "hashes": [
                "sha256:938388c74c30aff86d39a07649461edeac959fd0e19925d6c741cc186d98fd4f",
                "sha256:cffb1203f96ce4557519e0568b25e8e054de6a2cd1af8f508c36203e3e06e351"
            ],
            "markers": "python_version >= '3.6'",
            "version": "==1.58.0"
        },
        "black": {
            "hashes": [
                "sha256:1b30e59be925fafc1ee4565e5e08abef6b03fe455102883820fe5ee2e4734e0b",
                "sha256:c2edb73a08e9e0e6f65a0e6af18b059b8b1cdd5bef997d7a0b181df93dc81539"
            ],
            "index": "pypi",
            "version": "==19.10b0"
        },
        "boto3": {
            "hashes": [
                "sha256:caf8777544b1737766b28f5900fd43a4269ffbb6b2f79c31c79d44e2349fd1c6",
                "sha256:ea22174c46c5b0cd9cbb9ce1f6eba334cf411f3891c75a456c1f067e7524b7c2"
            ],
            "index": "pypi",
            "version": "==1.14.42"
        },
        "botocore": {
            "hashes": [
                "sha256:698207841c4e3d9b76d0a4c6bd5304e7204da256faf65866d4ddd0cabf08b9bc",
                "sha256:fe9247ed38c4342fbf6f01350d86790d93c1ed9c13b235c58d8db33241389d7b"
            ],
            "version": "==1.17.42"
        },
        "cattrs": {
            "hashes": [
                "sha256:616972ae3dfa6e623a40ad3cb845420e64942989152774ab055e5c2b2f89f997",
                "sha256:b7ab5cf8ad127c42eefd01410c1c6e28569a45a255ea80ed968511873c433c7a"
            ],
            "version": "==1.0.0"
        },
        "click": {
            "hashes": [
                "sha256:d2b5255c7c6349bc1bd1e59e08cd12acbbd63ce649f2588755783aa94dfb6b1a",
                "sha256:dacca89f4bfadd5de3d7489b7c8a566eee0d3676333fbb50030263894c38c0dc"
            ],
            "markers": "python_version >= '2.7' and python_version not in '3.0, 3.1, 3.2, 3.3, 3.4'",
            "version": "==7.1.2"
        },
        "constructs": {
            "hashes": [
                "sha256:9740f25c67d19f3c710c85f298ebfd1d109f9fd54d0ec0b869a87b4c1554da3e",
                "sha256:edb1a78e8780f24046f8945a6f0101406f5b2106f9d93d833e61ca34dc8b980d"
            ],
            "markers": "python_version >= '3.6'",
            "version": "==3.0.4"
        },
        "docutils": {
            "hashes": [
                "sha256:6c4f696463b79f1fb8ba0c594b63840ebd41f059e92b31957c46b74a4599b6d0",
                "sha256:9e4d7ecfc600058e07ba661411a2b7de2fd0fafa17d1a7f7361cd47b1175c827",
                "sha256:a2aeea129088da402665e92e0b25b04b073c04b2dce4ab65caaa38b7ce2e1a99"
            ],
            "markers": "python_version >= '2.6' and python_version not in '3.0, 3.1, 3.2, 3.3'",
            "version": "==0.15.2"
        },
        "flake8": {
            "hashes": [
                "sha256:15e351d19611c887e482fb960eae4d44845013cc142d42896e9862f775d8cf5c",
                "sha256:f04b9fcbac03b0a3e58c0ab3a0ecc462e023a9faf046d57794184028123aa208"
            ],
            "index": "pypi",
            "version": "==3.8.3"
        },
        "freezegun": {
            "hashes": [
                "sha256:82c757a05b7c7ca3e176bfebd7d6779fd9139c7cb4ef969c38a28d74deef89b2",
                "sha256:e2062f2c7f95cc276a834c22f1a17179467176b624cc6f936e8bc3be5535ad1b"
            ],
            "index": "pypi",
            "version": "==0.3.15"
        },
        "iniconfig": {
            "hashes": [
                "sha256:80cf40c597eb564e86346103f609d74efce0f6b4d4f30ec8ce9e2c26411ba437",
                "sha256:e5f92f89355a67de0595932a6c6c02ab4afddc6fcdc0bfc5becd0d60884d3f69"
            ],
            "version": "==1.0.1"
        },
        "isort": {
            "hashes": [
                "sha256:819fa99f2a9323025ade768e94b2e27447cd9b0a64595a90f21595e11151b788",
                "sha256:a4fb5fffc46494cda15e33a996c8e724f8e3db19682b84cc7c990b57f2941e9f"
            ],
            "index": "pypi",
            "version": "==5.4.1"
        },
        "jmespath": {
            "hashes": [
                "sha256:b85d0567b8666149a93172712e68920734333c0ce7e89b78b3e987f71e5ed4f9",
                "sha256:cdf6525904cc597730141d61b36f2e4b8ecc257c420fa2f4549bac2c2d0cb72f"
            ],
            "markers": "python_version >= '2.6' and python_version not in '3.0, 3.1, 3.2, 3.3'",
            "version": "==0.10.0"
        },
        "jsii": {
            "hashes": [
                "sha256:0527adb16252f0ec283d0ddc5b9bd33be92f1e5f3671788fd7b4ac2bf0ff6cc7",
                "sha256:cc6b2d818c24c32d6da9139df7f520d36a3002febb36b4cd41db6d5bea0ea710"
            ],
            "markers": "python_version >= '3.6'",
            "version": "==1.10.0"
        },
        "mccabe": {
            "hashes": [
                "sha256:ab8a6258860da4b6677da4bd2fe5dc2c659cff31b3ee4f7f5d64e79735b80d42",
                "sha256:dd8d182285a0fe56bace7f45b5e7d1a6ebcbf524e8f3bd87eb0f125271b8831f"
            ],
            "version": "==0.6.1"
        },
        "more-itertools": {
            "hashes": [
                "sha256:68c70cc7167bdf5c7c9d8f6954a7837089c6a36bf565383919bb595efb8a17e5",
                "sha256:b78134b2063dd214000685165d81c154522c3ee0a1c0d4d113c80361c234c5a2"
            ],
            "markers": "python_version >= '3.5'",
            "version": "==8.4.0"
        },
        "packaging": {
            "hashes": [
                "sha256:4357f74f47b9c12db93624a82154e9b120fa8293699949152b22065d556079f8",
                "sha256:998416ba6962ae7fbd6596850b80e17859a5753ba17c32284f67bfff33784181"
            ],
            "markers": "python_version >= '2.7' and python_version not in '3.0, 3.1, 3.2, 3.3'",
            "version": "==20.4"
        },
        "pathspec": {
            "hashes": [
                "sha256:7d91249d21749788d07a2d0f94147accd8f845507400749ea19c1ec9054a12b0",
                "sha256:da45173eb3a6f2a5a487efba21f050af2b41948be6ab52b6a1e3ff22bb8b7061"
            ],
            "version": "==0.8.0"
        },
        "pluggy": {
            "hashes": [
                "sha256:15b2acde666561e1298d71b523007ed7364de07029219b604cf808bfa1c765b0",
                "sha256:966c145cd83c96502c3c3868f50408687b38434af77734af1e9ca461a4081d2d"
            ],
            "markers": "python_version >= '2.7' and python_version not in '3.0, 3.1, 3.2, 3.3'",
            "version": "==0.13.1"
        },
        "polling2": {
            "hashes": [
                "sha256:b9febaf5ce7350ce63dba493c51e1dcff331f6fca874592a52c349fe6a1e1fb8",
                "sha256:ddc7032ab4220f4477268e0fec1370ae070a92a680d82168cbaad0df3a87d6fe"
            ],
            "index": "pypi",
            "version": "==0.4.5"
        },
        "publication": {
            "hashes": [
                "sha256:0248885351febc11d8a1098d5c8e3ab2dabcf3e8c0c96db1e17ecd12b53afbe6",
                "sha256:68416a0de76dddcdd2930d1c8ef853a743cc96c82416c4e4d3b5d901c6276dc4"
            ],
            "version": "==0.0.3"
        },
        "py": {
            "hashes": [
                "sha256:366389d1db726cd2fcfc79732e75410e5fe4d31db13692115529d34069a043c2",
                "sha256:9ca6883ce56b4e8da7e79ac18787889fa5206c79dcc67fb065376cd2fe03f342"
            ],
            "markers": "python_version >= '2.7' and python_version not in '3.0, 3.1, 3.2, 3.3'",
            "version": "==1.9.0"
        },
        "pycodestyle": {
            "hashes": [
                "sha256:2295e7b2f6b5bd100585ebcb1f616591b652db8a741695b3d8f5d28bdc934367",
                "sha256:c58a7d2815e0e8d7972bf1803331fb0152f867bd89adf8a01dfd55085434192e"
            ],
            "markers": "python_version >= '2.7' and python_version not in '3.0, 3.1, 3.2, 3.3'",
            "version": "==2.6.0"
        },
        "pyflakes": {
            "hashes": [
                "sha256:0d94e0e05a19e57a99444b6ddcf9a6eb2e5c68d3ca1e98e90707af8152c90a92",
                "sha256:35b2d75ee967ea93b55750aa9edbbf72813e06a66ba54438df2cfac9e3c27fc8"
            ],
            "markers": "python_version >= '2.7' and python_version not in '3.0, 3.1, 3.2, 3.3'",
            "version": "==2.2.0"
        },
        "pyparsing": {
            "hashes": [
                "sha256:c203ec8783bf771a155b207279b9bccb8dea02d8f0c9e5f8ead507bc3246ecc1",
                "sha256:ef9d7589ef3c200abe66653d3f1ab1033c3c419ae9b9bdb1240a85b024efc88b"
            ],
            "markers": "python_version >= '2.6' and python_version not in '3.0, 3.1, 3.2, 3.3'",
            "version": "==2.4.7"
        },
        "pytest": {
            "hashes": [
                "sha256:85228d75db9f45e06e57ef9bf4429267f81ac7c0d742cc9ed63d09886a9fe6f4",
                "sha256:8b6007800c53fdacd5a5c192203f4e531eb2a1540ad9c752e052ec0f7143dbad"
            ],
            "index": "pypi",
            "version": "==6.0.1"
        },
        "python-dateutil": {
            "hashes": [
                "sha256:73ebfe9dbf22e832286dafa60473e4cd239f8592f699aa5adaf10050e6e1823c",
                "sha256:75bb3f31ea686f1197762692a9ee6a7550b59fc6ca3a1f4b5d7e32fb98e2da2a"
            ],
            "markers": "python_version >= '2.7' and python_version not in '3.0, 3.1, 3.2, 3.3'",
            "version": "==2.8.1"
        },
        "regex": {
            "hashes": [
                "sha256:0dc64ee3f33cd7899f79a8d788abfbec168410be356ed9bd30bbd3f0a23a7204",
                "sha256:1269fef3167bb52631ad4fa7dd27bf635d5a0790b8e6222065d42e91bede4162",
                "sha256:14a53646369157baa0499513f96091eb70382eb50b2c82393d17d7ec81b7b85f",
                "sha256:3a3af27a8d23143c49a3420efe5b3f8cf1a48c6fc8bc6856b03f638abc1833bb",
                "sha256:46bac5ca10fb748d6c55843a931855e2727a7a22584f302dd9bb1506e69f83f6",
                "sha256:4c037fd14c5f4e308b8370b447b469ca10e69427966527edcab07f52d88388f7",
                "sha256:51178c738d559a2d1071ce0b0f56e57eb315bcf8f7d4cf127674b533e3101f88",
                "sha256:5ea81ea3dbd6767873c611687141ec7b06ed8bab43f68fad5b7be184a920dc99",
                "sha256:6961548bba529cac7c07af2fd4d527c5b91bb8fe18995fed6044ac22b3d14644",
                "sha256:75aaa27aa521a182824d89e5ab0a1d16ca207318a6b65042b046053cfc8ed07a",
                "sha256:7a2dd66d2d4df34fa82c9dc85657c5e019b87932019947faece7983f2089a840",
                "sha256:8a51f2c6d1f884e98846a0a9021ff6861bdb98457879f412fdc2b42d14494067",
                "sha256:9c568495e35599625f7b999774e29e8d6b01a6fb684d77dee1f56d41b11b40cd",
                "sha256:9eddaafb3c48e0900690c1727fba226c4804b8e6127ea409689c3bb492d06de4",
                "sha256:bbb332d45b32df41200380fff14712cb6093b61bd142272a10b16778c418e98e",
                "sha256:bc3d98f621898b4a9bc7fecc00513eec8f40b5b83913d74ccb445f037d58cd89",
                "sha256:c11d6033115dc4887c456565303f540c44197f4fc1a2bfb192224a301534888e",
                "sha256:c50a724d136ec10d920661f1442e4a8b010a4fe5aebd65e0c2241ea41dbe93dc",
                "sha256:d0a5095d52b90ff38592bbdc2644f17c6d495762edf47d876049cfd2968fbccf",
                "sha256:d6cff2276e502b86a25fd10c2a96973fdb45c7a977dca2138d661417f3728341",
                "sha256:e46d13f38cfcbb79bfdb2964b0fe12561fe633caf964a77a5f8d4e45fe5d2ef7"
            ],
            "version": "==2020.7.14"
        },
        "s3transfer": {
            "hashes": [
                "sha256:2482b4259524933a022d59da830f51bd746db62f047d6eb213f2f8855dcb8a13",
                "sha256:921a37e2aefc64145e7b73d50c71bb4f26f46e4c9f414dc648c6245ff92cf7db"
            ],
            "version": "==0.3.3"
        },
        "six": {
            "hashes": [
                "sha256:30639c035cdb23534cd4aa2dd52c3bf48f06e5f4a941509c8bafd8ce11080259",
                "sha256:8b74bedcbbbaca38ff6d7491d76f2b06b3592611af620f8426e82dddb04a5ced"
            ],
            "markers": "python_version >= '2.7' and python_version not in '3.0, 3.1, 3.2, 3.3'",
            "version": "==1.15.0"
        },
        "toml": {
            "hashes": [
                "sha256:926b612be1e5ce0634a2ca03470f95169cf16f939018233a670519cb4ac58b0f",
                "sha256:bda89d5935c2eac546d648028b9901107a595863cb36bae0c73ac804a9b4ce88"
            ],
            "version": "==0.10.1"
        },
        "typed-ast": {
            "hashes": [
                "sha256:0666aa36131496aed8f7be0410ff974562ab7eeac11ef351def9ea6fa28f6355",
                "sha256:0c2c07682d61a629b68433afb159376e24e5b2fd4641d35424e462169c0a7919",
                "sha256:249862707802d40f7f29f6e1aad8d84b5aa9e44552d2cc17384b209f091276aa",
                "sha256:24995c843eb0ad11a4527b026b4dde3da70e1f2d8806c99b7b4a7cf491612652",
                "sha256:269151951236b0f9a6f04015a9004084a5ab0d5f19b57de779f908621e7d8b75",
                "sha256:4083861b0aa07990b619bd7ddc365eb7fa4b817e99cf5f8d9cf21a42780f6e01",
                "sha256:498b0f36cc7054c1fead3d7fc59d2150f4d5c6c56ba7fb150c013fbc683a8d2d",
                "sha256:4e3e5da80ccbebfff202a67bf900d081906c358ccc3d5e3c8aea42fdfdfd51c1",
                "sha256:6daac9731f172c2a22ade6ed0c00197ee7cc1221aa84cfdf9c31defeb059a907",
                "sha256:715ff2f2df46121071622063fc7543d9b1fd19ebfc4f5c8895af64a77a8c852c",
                "sha256:73d785a950fc82dd2a25897d525d003f6378d1cb23ab305578394694202a58c3",
                "sha256:8c8aaad94455178e3187ab22c8b01a3837f8ee50e09cf31f1ba129eb293ec30b",
                "sha256:8ce678dbaf790dbdb3eba24056d5364fb45944f33553dd5869b7580cdbb83614",
                "sha256:aaee9905aee35ba5905cfb3c62f3e83b3bec7b39413f0a7f19be4e547ea01ebb",
                "sha256:bcd3b13b56ea479b3650b82cabd6b5343a625b0ced5429e4ccad28a8973f301b",
                "sha256:c9e348e02e4d2b4a8b2eedb48210430658df6951fa484e59de33ff773fbd4b41",
                "sha256:d205b1b46085271b4e15f670058ce182bd1199e56b317bf2ec004b6a44f911f6",
                "sha256:d43943ef777f9a1c42bf4e552ba23ac77a6351de620aa9acf64ad54933ad4d34",
                "sha256:d5d33e9e7af3b34a40dc05f498939f0ebf187f07c385fd58d591c533ad8562fe",
                "sha256:fc0fea399acb12edbf8a628ba8d2312f583bdbdb3335635db062fa98cf71fca4",
                "sha256:fe460b922ec15dd205595c9b5b99e2f056fd98ae8f9f56b888e7a17dc2b757e7"
            ],
            "version": "==1.4.1"
        },
        "typing-extensions": {
            "hashes": [
                "sha256:6e95524d8a547a91e08f404ae485bbb71962de46967e1b71a0cb89af24e761c5",
                "sha256:79ee589a3caca649a9bfd2a8de4709837400dfa00b6cc81962a1e6a1815969ae",
                "sha256:f8d2bd89d25bc39dabe7d23df520442fa1d8969b82544370e03d88b5a591c392"
            ],
            "version": "==3.7.4.2"
        },
        "urllib3": {
            "hashes": [
                "sha256:91056c15fa70756691db97756772bb1eb9678fa585d9184f24534b100dc60f4a",
                "sha256:e7983572181f5e1522d9c98453462384ee92a0be7fac5f1413a1e35c56cc0461"
            ],
            "markers": "python_version != '3.4'",
            "version": "==1.25.10"
        }
    }
}
